
Microsoft Visual Studio Solution File, Format Version 12.00
# Visual Studio 14
VisualStudioVersion = 14.0.25420.1
MinimumVisualStudioVersion = 10.0.40219.1
Project("{FAE04EC0-301F-11D3-BF4B-00C04F79EFBC}") = "Services", "Services\Services\Services.csproj", "{7DDF29C9-E56A-4FF1-892C-D949587AFDFD}"
EndProject
Project("{FAE04EC0-301F-11D3-BF4B-00C04F79EFBC}") = "Services.Droid", "Services\Services.Droid\Services.Droid.csproj", "{812B0019-94C3-49C8-B9C1-3AD9E71E1858}"
EndProject
Project("{FAE04EC0-301F-11D3-BF4B-00C04F79EFBC}") = "Services.iOS", "Services\Services.iOS\Services.iOS.csproj", "{8F7E14D3-AAB9-4016-BF66-46067CC473D8}"
EndProject
Project("{FAE04EC0-301F-11D3-BF4B-00C04F79EFBC}") = "Services.WinPhone", "Services\Services.WinPhone\Services.WinPhone.csproj", "{7DAAEB8B-BDA5-4221-97DE-E234138D6DC0}"
EndProject
Project("{FAE04EC0-301F-11D3-BF4B-00C04F79EFBC}") = "Services.UWP", "Services\Services.UWP\Services.UWP.csproj", "{6DEA6839-BCB8-47CB-BF87-B1226BC196FD}"
EndProject
Project("{FAE04EC0-301F-11D3-BF4B-00C04F79EFBC}") = "Services.Windows", "Services\Services.Windows\Services.Windows.csproj", "{4F8014D6-1CBF-4B53-AADC-3ECF729F8DCB}"
EndProject
Global
	GlobalSection(SolutionConfigurationPlatforms) = preSolution
		Ad-Hoc|Any CPU = Ad-Hoc|Any CPU
		Ad-Hoc|ARM = Ad-Hoc|ARM
		Ad-Hoc|iPhone = Ad-Hoc|iPhone
		Ad-Hoc|iPhoneSimulator = Ad-Hoc|iPhoneSimulator
		Ad-Hoc|x64 = Ad-Hoc|x64
		Ad-Hoc|x86 = Ad-Hoc|x86
		AppStore|Any CPU = AppStore|Any CPU
		AppStore|ARM = AppStore|ARM
		AppStore|iPhone = AppStore|iPhone
		AppStore|iPhoneSimulator = AppStore|iPhoneSimulator
		AppStore|x64 = AppStore|x64
		AppStore|x86 = AppStore|x86
		Debug|Any CPU = Debug|Any CPU
		Debug|ARM = Debug|ARM
		Debug|iPhone = Debug|iPhone
		Debug|iPhoneSimulator = Debug|iPhoneSimulator
		Debug|x64 = Debug|x64
		Debug|x86 = Debug|x86
		Release|Any CPU = Release|Any CPU
		Release|ARM = Release|ARM
		Release|iPhone = Release|iPhone
		Release|iPhoneSimulator = Release|iPhoneSimulator
		Release|x64 = Release|x64
		Release|x86 = Release|x86
	EndGlobalSection
	GlobalSection(ProjectConfigurationPlatforms) = postSolution
		{7DDF29C9-E56A-4FF1-892C-D949587AFDFD}.Ad-Hoc|Any CPU.ActiveCfg = Release|Any CPU
		{7DDF29C9-E56A-4FF1-892C-D949587AFDFD}.Ad-Hoc|Any CPU.Build.0 = Release|Any CPU
		{7DDF29C9-E56A-4FF1-892C-D949587AFDFD}.Ad-Hoc|ARM.ActiveCfg = Release|Any CPU
		{7DDF29C9-E56A-4FF1-892C-D949587AFDFD}.Ad-Hoc|ARM.Build.0 = Release|Any CPU
		{7DDF29C9-E56A-4FF1-892C-D949587AFDFD}.Ad-Hoc|iPhone.ActiveCfg = Release|Any CPU
		{7DDF29C9-E56A-4FF1-892C-D949587AFDFD}.Ad-Hoc|iPhone.Build.0 = Release|Any CPU
		{7DDF29C9-E56A-4FF1-892C-D949587AFDFD}.Ad-Hoc|iPhoneSimulator.ActiveCfg = Release|Any CPU
		{7DDF29C9-E56A-4FF1-892C-D949587AFDFD}.Ad-Hoc|iPhoneSimulator.Build.0 = Release|Any CPU
		{7DDF29C9-E56A-4FF1-892C-D949587AFDFD}.Ad-Hoc|x64.ActiveCfg = Release|Any CPU
		{7DDF29C9-E56A-4FF1-892C-D949587AFDFD}.Ad-Hoc|x64.Build.0 = Release|Any CPU
		{7DDF29C9-E56A-4FF1-892C-D949587AFDFD}.Ad-Hoc|x86.ActiveCfg = Release|Any CPU
		{7DDF29C9-E56A-4FF1-892C-D949587AFDFD}.Ad-Hoc|x86.Build.0 = Release|Any CPU
		{7DDF29C9-E56A-4FF1-892C-D949587AFDFD}.AppStore|Any CPU.ActiveCfg = Release|Any CPU
		{7DDF29C9-E56A-4FF1-892C-D949587AFDFD}.AppStore|Any CPU.Build.0 = Release|Any CPU
		{7DDF29C9-E56A-4FF1-892C-D949587AFDFD}.AppStore|ARM.ActiveCfg = Release|Any CPU
		{7DDF29C9-E56A-4FF1-892C-D949587AFDFD}.AppStore|ARM.Build.0 = Release|Any CPU
		{7DDF29C9-E56A-4FF1-892C-D949587AFDFD}.AppStore|iPhone.ActiveCfg = Release|Any CPU
		{7DDF29C9-E56A-4FF1-892C-D949587AFDFD}.AppStore|iPhone.Build.0 = Release|Any CPU
		{7DDF29C9-E56A-4FF1-892C-D949587AFDFD}.AppStore|iPhoneSimulator.ActiveCfg = Release|Any CPU
		{7DDF29C9-E56A-4FF1-892C-D949587AFDFD}.AppStore|iPhoneSimulator.Build.0 = Release|Any CPU
		{7DDF29C9-E56A-4FF1-892C-D949587AFDFD}.AppStore|x64.ActiveCfg = Release|Any CPU
		{7DDF29C9-E56A-4FF1-892C-D949587AFDFD}.AppStore|x64.Build.0 = Release|Any CPU
		{7DDF29C9-E56A-4FF1-892C-D949587AFDFD}.AppStore|x86.ActiveCfg = Release|Any CPU
		{7DDF29C9-E56A-4FF1-892C-D949587AFDFD}.AppStore|x86.Build.0 = Release|Any CPU
		{7DDF29C9-E56A-4FF1-892C-D949587AFDFD}.Debug|Any CPU.ActiveCfg = Debug|Any CPU
		{7DDF29C9-E56A-4FF1-892C-D949587AFDFD}.Debug|Any CPU.Build.0 = Debug|Any CPU
		{7DDF29C9-E56A-4FF1-892C-D949587AFDFD}.Debug|ARM.ActiveCfg = Debug|Any CPU
		{7DDF29C9-E56A-4FF1-892C-D949587AFDFD}.Debug|ARM.Build.0 = Debug|Any CPU
		{7DDF29C9-E56A-4FF1-892C-D949587AFDFD}.Debug|iPhone.ActiveCfg = Debug|Any CPU
		{7DDF29C9-E56A-4FF1-892C-D949587AFDFD}.Debug|iPhone.Build.0 = Debug|Any CPU
		{7DDF29C9-E56A-4FF1-892C-D949587AFDFD}.Debug|iPhoneSimulator.ActiveCfg = Debug|Any CPU
		{7DDF29C9-E56A-4FF1-892C-D949587AFDFD}.Debug|iPhoneSimulator.Build.0 = Debug|Any CPU
		{7DDF29C9-E56A-4FF1-892C-D949587AFDFD}.Debug|x64.ActiveCfg = Debug|Any CPU
		{7DDF29C9-E56A-4FF1-892C-D949587AFDFD}.Debug|x64.Build.0 = Debug|Any CPU
		{7DDF29C9-E56A-4FF1-892C-D949587AFDFD}.Debug|x86.ActiveCfg = Debug|Any CPU
		{7DDF29C9-E56A-4FF1-892C-D949587AFDFD}.Debug|x86.Build.0 = Debug|Any CPU
		{7DDF29C9-E56A-4FF1-892C-D949587AFDFD}.Release|Any CPU.ActiveCfg = Release|Any CPU
		{7DDF29C9-E56A-4FF1-892C-D949587AFDFD}.Release|Any CPU.Build.0 = Release|Any CPU
		{7DDF29C9-E56A-4FF1-892C-D949587AFDFD}.Release|ARM.ActiveCfg = Release|Any CPU
		{7DDF29C9-E56A-4FF1-892C-D949587AFDFD}.Release|ARM.Build.0 = Release|Any CPU
		{7DDF29C9-E56A-4FF1-892C-D949587AFDFD}.Release|iPhone.ActiveCfg = Release|Any CPU
		{7DDF29C9-E56A-4FF1-892C-D949587AFDFD}.Release|iPhone.Build.0 = Release|Any CPU
		{7DDF29C9-E56A-4FF1-892C-D949587AFDFD}.Release|iPhoneSimulator.ActiveCfg = Release|Any CPU
		{7DDF29C9-E56A-4FF1-892C-D949587AFDFD}.Release|iPhoneSimulator.Build.0 = Release|Any CPU
		{7DDF29C9-E56A-4FF1-892C-D949587AFDFD}.Release|x64.ActiveCfg = Release|Any CPU
		{7DDF29C9-E56A-4FF1-892C-D949587AFDFD}.Release|x64.Build.0 = Release|Any CPU
		{7DDF29C9-E56A-4FF1-892C-D949587AFDFD}.Release|x86.ActiveCfg = Release|Any CPU
		{7DDF29C9-E56A-4FF1-892C-D949587AFDFD}.Release|x86.Build.0 = Release|Any CPU
		{812B0019-94C3-49C8-B9C1-3AD9E71E1858}.Ad-Hoc|Any CPU.ActiveCfg = Release|Any CPU
		{812B0019-94C3-49C8-B9C1-3AD9E71E1858}.Ad-Hoc|Any CPU.Build.0 = Release|Any CPU
		{812B0019-94C3-49C8-B9C1-3AD9E71E1858}.Ad-Hoc|Any CPU.Deploy.0 = Release|Any CPU
		{812B0019-94C3-49C8-B9C1-3AD9E71E1858}.Ad-Hoc|ARM.ActiveCfg = Release|Any CPU
		{812B0019-94C3-49C8-B9C1-3AD9E71E1858}.Ad-Hoc|ARM.Build.0 = Release|Any CPU
		{812B0019-94C3-49C8-B9C1-3AD9E71E1858}.Ad-Hoc|ARM.Deploy.0 = Release|Any CPU
		{812B0019-94C3-49C8-B9C1-3AD9E71E1858}.Ad-Hoc|iPhone.ActiveCfg = Release|Any CPU
		{812B0019-94C3-49C8-B9C1-3AD9E71E1858}.Ad-Hoc|iPhone.Build.0 = Release|Any CPU
		{812B0019-94C3-49C8-B9C1-3AD9E71E1858}.Ad-Hoc|iPhone.Deploy.0 = Release|Any CPU
		{812B0019-94C3-49C8-B9C1-3AD9E71E1858}.Ad-Hoc|iPhoneSimulator.ActiveCfg = Release|Any CPU
		{812B0019-94C3-49C8-B9C1-3AD9E71E1858}.Ad-Hoc|iPhoneSimulator.Build.0 = Release|Any CPU
		{812B0019-94C3-49C8-B9C1-3AD9E71E1858}.Ad-Hoc|iPhoneSimulator.Deploy.0 = Release|Any CPU
		{812B0019-94C3-49C8-B9C1-3AD9E71E1858}.Ad-Hoc|x64.ActiveCfg = Release|Any CPU
		{812B0019-94C3-49C8-B9C1-3AD9E71E1858}.Ad-Hoc|x64.Build.0 = Release|Any CPU
		{812B0019-94C3-49C8-B9C1-3AD9E71E1858}.Ad-Hoc|x64.Deploy.0 = Release|Any CPU
		{812B0019-94C3-49C8-B9C1-3AD9E71E1858}.Ad-Hoc|x86.ActiveCfg = Release|Any CPU
		{812B0019-94C3-49C8-B9C1-3AD9E71E1858}.Ad-Hoc|x86.Build.0 = Release|Any CPU
		{812B0019-94C3-49C8-B9C1-3AD9E71E1858}.Ad-Hoc|x86.Deploy.0 = Release|Any CPU
		{812B0019-94C3-49C8-B9C1-3AD9E71E1858}.AppStore|Any CPU.ActiveCfg = Release|Any CPU
		{812B0019-94C3-49C8-B9C1-3AD9E71E1858}.AppStore|Any CPU.Build.0 = Release|Any CPU
		{812B0019-94C3-49C8-B9C1-3AD9E71E1858}.AppStore|Any CPU.Deploy.0 = Release|Any CPU
		{812B0019-94C3-49C8-B9C1-3AD9E71E1858}.AppStore|ARM.ActiveCfg = Release|Any CPU
		{812B0019-94C3-49C8-B9C1-3AD9E71E1858}.AppStore|ARM.Build.0 = Release|Any CPU
		{812B0019-94C3-49C8-B9C1-3AD9E71E1858}.AppStore|ARM.Deploy.0 = Release|Any CPU
		{812B0019-94C3-49C8-B9C1-3AD9E71E1858}.AppStore|iPhone.ActiveCfg = Release|Any CPU
		{812B0019-94C3-49C8-B9C1-3AD9E71E1858}.AppStore|iPhone.Build.0 = Release|Any CPU
		{812B0019-94C3-49C8-B9C1-3AD9E71E1858}.AppStore|iPhone.Deploy.0 = Release|Any CPU
		{812B0019-94C3-49C8-B9C1-3AD9E71E1858}.AppStore|iPhoneSimulator.ActiveCfg = Release|Any CPU
		{812B0019-94C3-49C8-B9C1-3AD9E71E1858}.AppStore|iPhoneSimulator.Build.0 = Release|Any CPU
		{812B0019-94C3-49C8-B9C1-3AD9E71E1858}.AppStore|iPhoneSimulator.Deploy.0 = Release|Any CPU
		{812B0019-94C3-49C8-B9C1-3AD9E71E1858}.AppStore|x64.ActiveCfg = Release|Any CPU
		{812B0019-94C3-49C8-B9C1-3AD9E71E1858}.AppStore|x64.Build.0 = Release|Any CPU
		{812B0019-94C3-49C8-B9C1-3AD9E71E1858}.AppStore|x64.Deploy.0 = Release|Any CPU
		{812B0019-94C3-49C8-B9C1-3AD9E71E1858}.AppStore|x86.ActiveCfg = Release|Any CPU
		{812B0019-94C3-49C8-B9C1-3AD9E71E1858}.AppStore|x86.Build.0 = Release|Any CPU
		{812B0019-94C3-49C8-B9C1-3AD9E71E1858}.AppStore|x86.Deploy.0 = Release|Any CPU
		{812B0019-94C3-49C8-B9C1-3AD9E71E1858}.Debug|Any CPU.ActiveCfg = Debug|Any CPU
		{812B0019-94C3-49C8-B9C1-3AD9E71E1858}.Debug|Any CPU.Build.0 = Debug|Any CPU
		{812B0019-94C3-49C8-B9C1-3AD9E71E1858}.Debug|Any CPU.Deploy.0 = Debug|Any CPU
		{812B0019-94C3-49C8-B9C1-3AD9E71E1858}.Debug|ARM.ActiveCfg = Debug|Any CPU
		{812B0019-94C3-49C8-B9C1-3AD9E71E1858}.Debug|ARM.Build.0 = Debug|Any CPU
		{812B0019-94C3-49C8-B9C1-3AD9E71E1858}.Debug|ARM.Deploy.0 = Debug|Any CPU
		{812B0019-94C3-49C8-B9C1-3AD9E71E1858}.Debug|iPhone.ActiveCfg = Debug|Any CPU
		{812B0019-94C3-49C8-B9C1-3AD9E71E1858}.Debug|iPhone.Build.0 = Debug|Any CPU
		{812B0019-94C3-49C8-B9C1-3AD9E71E1858}.Debug|iPhone.Deploy.0 = Debug|Any CPU
		{812B0019-94C3-49C8-B9C1-3AD9E71E1858}.Debug|iPhoneSimulator.ActiveCfg = Debug|Any CPU
		{812B0019-94C3-49C8-B9C1-3AD9E71E1858}.Debug|iPhoneSimulator.Build.0 = Debug|Any CPU
		{812B0019-94C3-49C8-B9C1-3AD9E71E1858}.Debug|iPhoneSimulator.Deploy.0 = Debug|Any CPU
		{812B0019-94C3-49C8-B9C1-3AD9E71E1858}.Debug|x64.ActiveCfg = Debug|Any CPU
		{812B0019-94C3-49C8-B9C1-3AD9E71E1858}.Debug|x64.Build.0 = Debug|Any CPU
		{812B0019-94C3-49C8-B9C1-3AD9E71E1858}.Debug|x64.Deploy.0 = Debug|Any CPU
		{812B0019-94C3-49C8-B9C1-3AD9E71E1858}.Debug|x86.ActiveCfg = Debug|Any CPU
		{812B0019-94C3-49C8-B9C1-3AD9E71E1858}.Debug|x86.Build.0 = Debug|Any CPU
		{812B0019-94C3-49C8-B9C1-3AD9E71E1858}.Debug|x86.Deploy.0 = Debug|Any CPU
		{812B0019-94C3-49C8-B9C1-3AD9E71E1858}.Release|Any CPU.ActiveCfg = Release|Any CPU
		{812B0019-94C3-49C8-B9C1-3AD9E71E1858}.Release|Any CPU.Build.0 = Release|Any CPU
		{812B0019-94C3-49C8-B9C1-3AD9E71E1858}.Release|Any CPU.Deploy.0 = Release|Any CPU
		{812B0019-94C3-49C8-B9C1-3AD9E71E1858}.Release|ARM.ActiveCfg = Release|Any CPU
		{812B0019-94C3-49C8-B9C1-3AD9E71E1858}.Release|ARM.Build.0 = Release|Any CPU
		{812B0019-94C3-49C8-B9C1-3AD9E71E1858}.Release|ARM.Deploy.0 = Release|Any CPU
		{812B0019-94C3-49C8-B9C1-3AD9E71E1858}.Release|iPhone.ActiveCfg = Release|Any CPU
		{812B0019-94C3-49C8-B9C1-3AD9E71E1858}.Release|iPhone.Build.0 = Release|Any CPU
		{812B0019-94C3-49C8-B9C1-3AD9E71E1858}.Release|iPhone.Deploy.0 = Release|Any CPU
		{812B0019-94C3-49C8-B9C1-3AD9E71E1858}.Release|iPhoneSimulator.ActiveCfg = Release|Any CPU
		{812B0019-94C3-49C8-B9C1-3AD9E71E1858}.Release|iPhoneSimulator.Build.0 = Release|Any CPU
		{812B0019-94C3-49C8-B9C1-3AD9E71E1858}.Release|iPhoneSimulator.Deploy.0 = Release|Any CPU
		{812B0019-94C3-49C8-B9C1-3AD9E71E1858}.Release|x64.ActiveCfg = Release|Any CPU
		{812B0019-94C3-49C8-B9C1-3AD9E71E1858}.Release|x64.Build.0 = Release|Any CPU
		{812B0019-94C3-49C8-B9C1-3AD9E71E1858}.Release|x64.Deploy.0 = Release|Any CPU
		{812B0019-94C3-49C8-B9C1-3AD9E71E1858}.Release|x86.ActiveCfg = Release|Any CPU
		{812B0019-94C3-49C8-B9C1-3AD9E71E1858}.Release|x86.Build.0 = Release|Any CPU
		{812B0019-94C3-49C8-B9C1-3AD9E71E1858}.Release|x86.Deploy.0 = Release|Any CPU
		{8F7E14D3-AAB9-4016-BF66-46067CC473D8}.Ad-Hoc|Any CPU.ActiveCfg = Ad-Hoc|iPhone
		{8F7E14D3-AAB9-4016-BF66-46067CC473D8}.Ad-Hoc|ARM.ActiveCfg = Ad-Hoc|iPhone
		{8F7E14D3-AAB9-4016-BF66-46067CC473D8}.Ad-Hoc|iPhone.ActiveCfg = Ad-Hoc|iPhone
		{8F7E14D3-AAB9-4016-BF66-46067CC473D8}.Ad-Hoc|iPhone.Build.0 = Ad-Hoc|iPhone
		{8F7E14D3-AAB9-4016-BF66-46067CC473D8}.Ad-Hoc|iPhoneSimulator.ActiveCfg = Ad-Hoc|iPhoneSimulator
		{8F7E14D3-AAB9-4016-BF66-46067CC473D8}.Ad-Hoc|iPhoneSimulator.Build.0 = Ad-Hoc|iPhoneSimulator
		{8F7E14D3-AAB9-4016-BF66-46067CC473D8}.Ad-Hoc|x64.ActiveCfg = Ad-Hoc|iPhone
		{8F7E14D3-AAB9-4016-BF66-46067CC473D8}.Ad-Hoc|x86.ActiveCfg = Ad-Hoc|iPhone
		{8F7E14D3-AAB9-4016-BF66-46067CC473D8}.AppStore|Any CPU.ActiveCfg = AppStore|iPhone
		{8F7E14D3-AAB9-4016-BF66-46067CC473D8}.AppStore|ARM.ActiveCfg = AppStore|iPhone
		{8F7E14D3-AAB9-4016-BF66-46067CC473D8}.AppStore|iPhone.ActiveCfg = AppStore|iPhone
		{8F7E14D3-AAB9-4016-BF66-46067CC473D8}.AppStore|iPhone.Build.0 = AppStore|iPhone
		{8F7E14D3-AAB9-4016-BF66-46067CC473D8}.AppStore|iPhoneSimulator.ActiveCfg = AppStore|iPhoneSimulator
		{8F7E14D3-AAB9-4016-BF66-46067CC473D8}.AppStore|iPhoneSimulator.Build.0 = AppStore|iPhoneSimulator
		{8F7E14D3-AAB9-4016-BF66-46067CC473D8}.AppStore|x64.ActiveCfg = AppStore|iPhone
		{8F7E14D3-AAB9-4016-BF66-46067CC473D8}.AppStore|x86.ActiveCfg = AppStore|iPhone
		{8F7E14D3-AAB9-4016-BF66-46067CC473D8}.Debug|Any CPU.ActiveCfg = Debug|iPhone
		{8F7E14D3-AAB9-4016-BF66-46067CC473D8}.Debug|ARM.ActiveCfg = Debug|iPhone
		{8F7E14D3-AAB9-4016-BF66-46067CC473D8}.Debug|iPhone.ActiveCfg = Debug|iPhone
		{8F7E14D3-AAB9-4016-BF66-46067CC473D8}.Debug|iPhone.Build.0 = Debug|iPhone
		{8F7E14D3-AAB9-4016-BF66-46067CC473D8}.Debug|iPhoneSimulator.ActiveCfg = Debug|iPhoneSimulator
		{8F7E14D3-AAB9-4016-BF66-46067CC473D8}.Debug|iPhoneSimulator.Build.0 = Debug|iPhoneSimulator
		{8F7E14D3-AAB9-4016-BF66-46067CC473D8}.Debug|x64.ActiveCfg = Debug|iPhone
		{8F7E14D3-AAB9-4016-BF66-46067CC473D8}.Debug|x86.ActiveCfg = Debug|iPhone
		{8F7E14D3-AAB9-4016-BF66-46067CC473D8}.Release|Any CPU.ActiveCfg = Release|iPhone
		{8F7E14D3-AAB9-4016-BF66-46067CC473D8}.Release|ARM.ActiveCfg = Release|iPhone
		{8F7E14D3-AAB9-4016-BF66-46067CC473D8}.Release|iPhone.ActiveCfg = Release|iPhone
		{8F7E14D3-AAB9-4016-BF66-46067CC473D8}.Release|iPhone.Build.0 = Release|iPhone
		{8F7E14D3-AAB9-4016-BF66-46067CC473D8}.Release|iPhoneSimulator.ActiveCfg = Release|iPhoneSimulator
		{8F7E14D3-AAB9-4016-BF66-46067CC473D8}.Release|iPhoneSimulator.Build.0 = Release|iPhoneSimulator
		{8F7E14D3-AAB9-4016-BF66-46067CC473D8}.Release|x64.ActiveCfg = Release|iPhone
		{8F7E14D3-AAB9-4016-BF66-46067CC473D8}.Release|x86.ActiveCfg = Release|iPhone
		{7DAAEB8B-BDA5-4221-97DE-E234138D6DC0}.Ad-Hoc|Any CPU.ActiveCfg = Release|Any CPU
		{7DAAEB8B-BDA5-4221-97DE-E234138D6DC0}.Ad-Hoc|Any CPU.Build.0 = Release|Any CPU
		{7DAAEB8B-BDA5-4221-97DE-E234138D6DC0}.Ad-Hoc|Any CPU.Deploy.0 = Release|Any CPU
		{7DAAEB8B-BDA5-4221-97DE-E234138D6DC0}.Ad-Hoc|ARM.ActiveCfg = Release|ARM
		{7DAAEB8B-BDA5-4221-97DE-E234138D6DC0}.Ad-Hoc|ARM.Build.0 = Release|ARM
		{7DAAEB8B-BDA5-4221-97DE-E234138D6DC0}.Ad-Hoc|ARM.Deploy.0 = Release|ARM
		{7DAAEB8B-BDA5-4221-97DE-E234138D6DC0}.Ad-Hoc|iPhone.ActiveCfg = Release|Any CPU
		{7DAAEB8B-BDA5-4221-97DE-E234138D6DC0}.Ad-Hoc|iPhone.Build.0 = Release|Any CPU
		{7DAAEB8B-BDA5-4221-97DE-E234138D6DC0}.Ad-Hoc|iPhone.Deploy.0 = Release|Any CPU
		{7DAAEB8B-BDA5-4221-97DE-E234138D6DC0}.Ad-Hoc|iPhoneSimulator.ActiveCfg = Release|Any CPU
		{7DAAEB8B-BDA5-4221-97DE-E234138D6DC0}.Ad-Hoc|iPhoneSimulator.Build.0 = Release|Any CPU
		{7DAAEB8B-BDA5-4221-97DE-E234138D6DC0}.Ad-Hoc|iPhoneSimulator.Deploy.0 = Release|Any CPU
		{7DAAEB8B-BDA5-4221-97DE-E234138D6DC0}.Ad-Hoc|x64.ActiveCfg = Release|Any CPU
		{7DAAEB8B-BDA5-4221-97DE-E234138D6DC0}.Ad-Hoc|x64.Build.0 = Release|Any CPU
		{7DAAEB8B-BDA5-4221-97DE-E234138D6DC0}.Ad-Hoc|x64.Deploy.0 = Release|Any CPU
		{7DAAEB8B-BDA5-4221-97DE-E234138D6DC0}.Ad-Hoc|x86.ActiveCfg = Release|x86
		{7DAAEB8B-BDA5-4221-97DE-E234138D6DC0}.Ad-Hoc|x86.Build.0 = Release|x86
		{7DAAEB8B-BDA5-4221-97DE-E234138D6DC0}.Ad-Hoc|x86.Deploy.0 = Release|x86
		{7DAAEB8B-BDA5-4221-97DE-E234138D6DC0}.AppStore|Any CPU.ActiveCfg = Release|Any CPU
		{7DAAEB8B-BDA5-4221-97DE-E234138D6DC0}.AppStore|Any CPU.Build.0 = Release|Any CPU
		{7DAAEB8B-BDA5-4221-97DE-E234138D6DC0}.AppStore|Any CPU.Deploy.0 = Release|Any CPU
		{7DAAEB8B-BDA5-4221-97DE-E234138D6DC0}.AppStore|ARM.ActiveCfg = Release|ARM
		{7DAAEB8B-BDA5-4221-97DE-E234138D6DC0}.AppStore|ARM.Build.0 = Release|ARM
		{7DAAEB8B-BDA5-4221-97DE-E234138D6DC0}.AppStore|ARM.Deploy.0 = Release|ARM
		{7DAAEB8B-BDA5-4221-97DE-E234138D6DC0}.AppStore|iPhone.ActiveCfg = Release|Any CPU
		{7DAAEB8B-BDA5-4221-97DE-E234138D6DC0}.AppStore|iPhone.Build.0 = Release|Any CPU
		{7DAAEB8B-BDA5-4221-97DE-E234138D6DC0}.AppStore|iPhone.Deploy.0 = Release|Any CPU
		{7DAAEB8B-BDA5-4221-97DE-E234138D6DC0}.AppStore|iPhoneSimulator.ActiveCfg = Release|Any CPU
		{7DAAEB8B-BDA5-4221-97DE-E234138D6DC0}.AppStore|iPhoneSimulator.Build.0 = Release|Any CPU
		{7DAAEB8B-BDA5-4221-97DE-E234138D6DC0}.AppStore|iPhoneSimulator.Deploy.0 = Release|Any CPU
		{7DAAEB8B-BDA5-4221-97DE-E234138D6DC0}.AppStore|x64.ActiveCfg = Release|Any CPU
		{7DAAEB8B-BDA5-4221-97DE-E234138D6DC0}.AppStore|x64.Build.0 = Release|Any CPU
		{7DAAEB8B-BDA5-4221-97DE-E234138D6DC0}.AppStore|x64.Deploy.0 = Release|Any CPU
		{7DAAEB8B-BDA5-4221-97DE-E234138D6DC0}.AppStore|x86.ActiveCfg = Release|x86
		{7DAAEB8B-BDA5-4221-97DE-E234138D6DC0}.AppStore|x86.Build.0 = Release|x86
		{7DAAEB8B-BDA5-4221-97DE-E234138D6DC0}.AppStore|x86.Deploy.0 = Release|x86
		{7DAAEB8B-BDA5-4221-97DE-E234138D6DC0}.Debug|Any CPU.ActiveCfg = Debug|Any CPU
		{7DAAEB8B-BDA5-4221-97DE-E234138D6DC0}.Debug|ARM.ActiveCfg = Debug|ARM
		{7DAAEB8B-BDA5-4221-97DE-E234138D6DC0}.Debug|ARM.Build.0 = Debug|ARM
		{7DAAEB8B-BDA5-4221-97DE-E234138D6DC0}.Debug|ARM.Deploy.0 = Debug|ARM
		{7DAAEB8B-BDA5-4221-97DE-E234138D6DC0}.Debug|iPhone.ActiveCfg = Debug|Any CPU
		{7DAAEB8B-BDA5-4221-97DE-E234138D6DC0}.Debug|iPhone.Build.0 = Debug|Any CPU
		{7DAAEB8B-BDA5-4221-97DE-E234138D6DC0}.Debug|iPhone.Deploy.0 = Debug|Any CPU
		{7DAAEB8B-BDA5-4221-97DE-E234138D6DC0}.Debug|iPhoneSimulator.ActiveCfg = Debug|Any CPU
		{7DAAEB8B-BDA5-4221-97DE-E234138D6DC0}.Debug|iPhoneSimulator.Build.0 = Debug|Any CPU
		{7DAAEB8B-BDA5-4221-97DE-E234138D6DC0}.Debug|iPhoneSimulator.Deploy.0 = Debug|Any CPU
		{7DAAEB8B-BDA5-4221-97DE-E234138D6DC0}.Debug|x64.ActiveCfg = Debug|Any CPU
		{7DAAEB8B-BDA5-4221-97DE-E234138D6DC0}.Debug|x64.Build.0 = Debug|Any CPU
		{7DAAEB8B-BDA5-4221-97DE-E234138D6DC0}.Debug|x64.Deploy.0 = Debug|Any CPU
		{7DAAEB8B-BDA5-4221-97DE-E234138D6DC0}.Debug|x86.ActiveCfg = Debug|x86
		{7DAAEB8B-BDA5-4221-97DE-E234138D6DC0}.Debug|x86.Build.0 = Debug|x86
		{7DAAEB8B-BDA5-4221-97DE-E234138D6DC0}.Debug|x86.Deploy.0 = Debug|x86
		{7DAAEB8B-BDA5-4221-97DE-E234138D6DC0}.Release|Any CPU.ActiveCfg = Release|Any CPU
		{7DAAEB8B-BDA5-4221-97DE-E234138D6DC0}.Release|Any CPU.Build.0 = Release|Any CPU
		{7DAAEB8B-BDA5-4221-97DE-E234138D6DC0}.Release|Any CPU.Deploy.0 = Release|Any CPU
		{7DAAEB8B-BDA5-4221-97DE-E234138D6DC0}.Release|ARM.ActiveCfg = Release|ARM
		{7DAAEB8B-BDA5-4221-97DE-E234138D6DC0}.Release|ARM.Build.0 = Release|ARM
		{7DAAEB8B-BDA5-4221-97DE-E234138D6DC0}.Release|ARM.Deploy.0 = Release|ARM
		{7DAAEB8B-BDA5-4221-97DE-E234138D6DC0}.Release|iPhone.ActiveCfg = Release|Any CPU
		{7DAAEB8B-BDA5-4221-97DE-E234138D6DC0}.Release|iPhone.Build.0 = Release|Any CPU
		{7DAAEB8B-BDA5-4221-97DE-E234138D6DC0}.Release|iPhone.Deploy.0 = Release|Any CPU
		{7DAAEB8B-BDA5-4221-97DE-E234138D6DC0}.Release|iPhoneSimulator.ActiveCfg = Release|Any CPU
		{7DAAEB8B-BDA5-4221-97DE-E234138D6DC0}.Release|iPhoneSimulator.Build.0 = Release|Any CPU
		{7DAAEB8B-BDA5-4221-97DE-E234138D6DC0}.Release|iPhoneSimulator.Deploy.0 = Release|Any CPU
		{7DAAEB8B-BDA5-4221-97DE-E234138D6DC0}.Release|x64.ActiveCfg = Release|Any CPU
		{7DAAEB8B-BDA5-4221-97DE-E234138D6DC0}.Release|x64.Build.0 = Release|Any CPU
		{7DAAEB8B-BDA5-4221-97DE-E234138D6DC0}.Release|x64.Deploy.0 = Release|Any CPU
		{7DAAEB8B-BDA5-4221-97DE-E234138D6DC0}.Release|x86.ActiveCfg = Release|x86
		{7DAAEB8B-BDA5-4221-97DE-E234138D6DC0}.Release|x86.Build.0 = Release|x86
		{7DAAEB8B-BDA5-4221-97DE-E234138D6DC0}.Release|x86.Deploy.0 = Release|x86
		{6DEA6839-BCB8-47CB-BF87-B1226BC196FD}.Ad-Hoc|Any CPU.ActiveCfg = Release|x86
		{6DEA6839-BCB8-47CB-BF87-B1226BC196FD}.Ad-Hoc|Any CPU.Build.0 = Release|x86
		{6DEA6839-BCB8-47CB-BF87-B1226BC196FD}.Ad-Hoc|Any CPU.Deploy.0 = Release|x86
		{6DEA6839-BCB8-47CB-BF87-B1226BC196FD}.Ad-Hoc|ARM.ActiveCfg = Release|ARM
		{6DEA6839-BCB8-47CB-BF87-B1226BC196FD}.Ad-Hoc|ARM.Build.0 = Release|ARM
		{6DEA6839-BCB8-47CB-BF87-B1226BC196FD}.Ad-Hoc|ARM.Deploy.0 = Release|ARM
		{6DEA6839-BCB8-47CB-BF87-B1226BC196FD}.Ad-Hoc|iPhone.ActiveCfg = Release|x86
		{6DEA6839-BCB8-47CB-BF87-B1226BC196FD}.Ad-Hoc|iPhone.Build.0 = Release|x86
		{6DEA6839-BCB8-47CB-BF87-B1226BC196FD}.Ad-Hoc|iPhone.Deploy.0 = Release|x86
		{6DEA6839-BCB8-47CB-BF87-B1226BC196FD}.Ad-Hoc|iPhoneSimulator.ActiveCfg = Release|x86
		{6DEA6839-BCB8-47CB-BF87-B1226BC196FD}.Ad-Hoc|iPhoneSimulator.Build.0 = Release|x86
		{6DEA6839-BCB8-47CB-BF87-B1226BC196FD}.Ad-Hoc|iPhoneSimulator.Deploy.0 = Release|x86
		{6DEA6839-BCB8-47CB-BF87-B1226BC196FD}.Ad-Hoc|x64.ActiveCfg = Release|x64
		{6DEA6839-BCB8-47CB-BF87-B1226BC196FD}.Ad-Hoc|x64.Build.0 = Release|x64
		{6DEA6839-BCB8-47CB-BF87-B1226BC196FD}.Ad-Hoc|x64.Deploy.0 = Release|x64
		{6DEA6839-BCB8-47CB-BF87-B1226BC196FD}.Ad-Hoc|x86.ActiveCfg = Release|x86
		{6DEA6839-BCB8-47CB-BF87-B1226BC196FD}.Ad-Hoc|x86.Build.0 = Release|x86
		{6DEA6839-BCB8-47CB-BF87-B1226BC196FD}.Ad-Hoc|x86.Deploy.0 = Release|x86
		{6DEA6839-BCB8-47CB-BF87-B1226BC196FD}.AppStore|Any CPU.ActiveCfg = Release|x86
		{6DEA6839-BCB8-47CB-BF87-B1226BC196FD}.AppStore|Any CPU.Build.0 = Release|x86
		{6DEA6839-BCB8-47CB-BF87-B1226BC196FD}.AppStore|Any CPU.Deploy.0 = Release|x86
		{6DEA6839-BCB8-47CB-BF87-B1226BC196FD}.AppStore|ARM.ActiveCfg = Release|ARM
		{6DEA6839-BCB8-47CB-BF87-B1226BC196FD}.AppStore|ARM.Build.0 = Release|ARM
		{6DEA6839-BCB8-47CB-BF87-B1226BC196FD}.AppStore|ARM.Deploy.0 = Release|ARM
		{6DEA6839-BCB8-47CB-BF87-B1226BC196FD}.AppStore|iPhone.ActiveCfg = Release|x86
		{6DEA6839-BCB8-47CB-BF87-B1226BC196FD}.AppStore|iPhone.Build.0 = Release|x86
		{6DEA6839-BCB8-47CB-BF87-B1226BC196FD}.AppStore|iPhone.Deploy.0 = Release|x86
		{6DEA6839-BCB8-47CB-BF87-B1226BC196FD}.AppStore|iPhoneSimulator.ActiveCfg = Release|x86
		{6DEA6839-BCB8-47CB-BF87-B1226BC196FD}.AppStore|iPhoneSimulator.Build.0 = Release|x86
		{6DEA6839-BCB8-47CB-BF87-B1226BC196FD}.AppStore|iPhoneSimulator.Deploy.0 = Release|x86
		{6DEA6839-BCB8-47CB-BF87-B1226BC196FD}.AppStore|x64.ActiveCfg = Release|x64
		{6DEA6839-BCB8-47CB-BF87-B1226BC196FD}.AppStore|x64.Build.0 = Release|x64
		{6DEA6839-BCB8-47CB-BF87-B1226BC196FD}.AppStore|x64.Deploy.0 = Release|x64
		{6DEA6839-BCB8-47CB-BF87-B1226BC196FD}.AppStore|x86.ActiveCfg = Release|x86
		{6DEA6839-BCB8-47CB-BF87-B1226BC196FD}.AppStore|x86.Build.0 = Release|x86
		{6DEA6839-BCB8-47CB-BF87-B1226BC196FD}.AppStore|x86.Deploy.0 = Release|x86
		{6DEA6839-BCB8-47CB-BF87-B1226BC196FD}.Debug|Any CPU.ActiveCfg = Debug|x86
		{6DEA6839-BCB8-47CB-BF87-B1226BC196FD}.Debug|Any CPU.Build.0 = Debug|x86
		{6DEA6839-BCB8-47CB-BF87-B1226BC196FD}.Debug|Any CPU.Deploy.0 = Debug|x86
		{6DEA6839-BCB8-47CB-BF87-B1226BC196FD}.Debug|ARM.ActiveCfg = Debug|ARM
		{6DEA6839-BCB8-47CB-BF87-B1226BC196FD}.Debug|ARM.Build.0 = Debug|ARM
		{6DEA6839-BCB8-47CB-BF87-B1226BC196FD}.Debug|ARM.Deploy.0 = Debug|ARM
		{6DEA6839-BCB8-47CB-BF87-B1226BC196FD}.Debug|iPhone.ActiveCfg = Debug|x86
		{6DEA6839-BCB8-47CB-BF87-B1226BC196FD}.Debug|iPhoneSimulator.ActiveCfg = Debug|x86
		{6DEA6839-BCB8-47CB-BF87-B1226BC196FD}.Debug|x64.ActiveCfg = Debug|x64
		{6DEA6839-BCB8-47CB-BF87-B1226BC196FD}.Debug|x64.Build.0 = Debug|x64
		{6DEA6839-BCB8-47CB-BF87-B1226BC196FD}.Debug|x64.Deploy.0 = Debug|x64
		{6DEA6839-BCB8-47CB-BF87-B1226BC196FD}.Debug|x86.ActiveCfg = Debug|x86
		{6DEA6839-BCB8-47CB-BF87-B1226BC196FD}.Debug|x86.Build.0 = Debug|x86
		{6DEA6839-BCB8-47CB-BF87-B1226BC196FD}.Debug|x86.Deploy.0 = Debug|x86
		{6DEA6839-BCB8-47CB-BF87-B1226BC196FD}.Release|Any CPU.ActiveCfg = Release|x86
		{6DEA6839-BCB8-47CB-BF87-B1226BC196FD}.Release|ARM.ActiveCfg = Release|ARM
		{6DEA6839-BCB8-47CB-BF87-B1226BC196FD}.Release|ARM.Build.0 = Release|ARM
		{6DEA6839-BCB8-47CB-BF87-B1226BC196FD}.Release|ARM.Deploy.0 = Release|ARM
		{6DEA6839-BCB8-47CB-BF87-B1226BC196FD}.Release|iPhone.ActiveCfg = Release|x86
		{6DEA6839-BCB8-47CB-BF87-B1226BC196FD}.Release|iPhoneSimulator.ActiveCfg = Release|x86
		{6DEA6839-BCB8-47CB-BF87-B1226BC196FD}.Release|x64.ActiveCfg = Release|x64
		{6DEA6839-BCB8-47CB-BF87-B1226BC196FD}.Release|x64.Build.0 = Release|x64
		{6DEA6839-BCB8-47CB-BF87-B1226BC196FD}.Release|x64.Deploy.0 = Release|x64
		{6DEA6839-BCB8-47CB-BF87-B1226BC196FD}.Release|x86.ActiveCfg = Release|x86
		{6DEA6839-BCB8-47CB-BF87-B1226BC196FD}.Release|x86.Build.0 = Release|x86
		{6DEA6839-BCB8-47CB-BF87-B1226BC196FD}.Release|x86.Deploy.0 = Release|x86
		{4F8014D6-1CBF-4B53-AADC-3ECF729F8DCB}.Ad-Hoc|Any CPU.ActiveCfg = Release|Any CPU
		{4F8014D6-1CBF-4B53-AADC-3ECF729F8DCB}.Ad-Hoc|Any CPU.Build.0 = Release|Any CPU
		{4F8014D6-1CBF-4B53-AADC-3ECF729F8DCB}.Ad-Hoc|Any CPU.Deploy.0 = Release|Any CPU
		{4F8014D6-1CBF-4B53-AADC-3ECF729F8DCB}.Ad-Hoc|ARM.ActiveCfg = Release|ARM
		{4F8014D6-1CBF-4B53-AADC-3ECF729F8DCB}.Ad-Hoc|ARM.Build.0 = Release|ARM
		{4F8014D6-1CBF-4B53-AADC-3ECF729F8DCB}.Ad-Hoc|ARM.Deploy.0 = Release|ARM
		{4F8014D6-1CBF-4B53-AADC-3ECF729F8DCB}.Ad-Hoc|iPhone.ActiveCfg = Release|Any CPU
		{4F8014D6-1CBF-4B53-AADC-3ECF729F8DCB}.Ad-Hoc|iPhone.Build.0 = Release|Any CPU
		{4F8014D6-1CBF-4B53-AADC-3ECF729F8DCB}.Ad-Hoc|iPhone.Deploy.0 = Release|Any CPU
		{4F8014D6-1CBF-4B53-AADC-3ECF729F8DCB}.Ad-Hoc|iPhoneSimulator.ActiveCfg = Release|Any CPU
		{4F8014D6-1CBF-4B53-AADC-3ECF729F8DCB}.Ad-Hoc|iPhoneSimulator.Build.0 = Release|Any CPU
		{4F8014D6-1CBF-4B53-AADC-3ECF729F8DCB}.Ad-Hoc|iPhoneSimulator.Deploy.0 = Release|Any CPU
		{4F8014D6-1CBF-4B53-AADC-3ECF729F8DCB}.Ad-Hoc|x64.ActiveCfg = Release|x64
		{4F8014D6-1CBF-4B53-AADC-3ECF729F8DCB}.Ad-Hoc|x64.Build.0 = Release|x64
		{4F8014D6-1CBF-4B53-AADC-3ECF729F8DCB}.Ad-Hoc|x64.Deploy.0 = Release|x64
		{4F8014D6-1CBF-4B53-AADC-3ECF729F8DCB}.Ad-Hoc|x86.ActiveCfg = Release|x86
		{4F8014D6-1CBF-4B53-AADC-3ECF729F8DCB}.Ad-Hoc|x86.Build.0 = Release|x86
		{4F8014D6-1CBF-4B53-AADC-3ECF729F8DCB}.Ad-Hoc|x86.Deploy.0 = Release|x86
		{4F8014D6-1CBF-4B53-AADC-3ECF729F8DCB}.AppStore|Any CPU.ActiveCfg = Release|Any CPU
		{4F8014D6-1CBF-4B53-AADC-3ECF729F8DCB}.AppStore|Any CPU.Build.0 = Release|Any CPU
		{4F8014D6-1CBF-4B53-AADC-3ECF729F8DCB}.AppStore|Any CPU.Deploy.0 = Release|Any CPU
		{4F8014D6-1CBF-4B53-AADC-3ECF729F8DCB}.AppStore|ARM.ActiveCfg = Release|ARM
		{4F8014D6-1CBF-4B53-AADC-3ECF729F8DCB}.AppStore|ARM.Build.0 = Release|ARM
		{4F8014D6-1CBF-4B53-AADC-3ECF729F8DCB}.AppStore|ARM.Deploy.0 = Release|ARM
		{4F8014D6-1CBF-4B53-AADC-3ECF729F8DCB}.AppStore|iPhone.ActiveCfg = Release|Any CPU
		{4F8014D6-1CBF-4B53-AADC-3ECF729F8DCB}.AppStore|iPhone.Build.0 = Release|Any CPU
		{4F8014D6-1CBF-4B53-AADC-3ECF729F8DCB}.AppStore|iPhone.Deploy.0 = Release|Any CPU
		{4F8014D6-1CBF-4B53-AADC-3ECF729F8DCB}.AppStore|iPhoneSimulator.ActiveCfg = Release|Any CPU
		{4F8014D6-1CBF-4B53-AADC-3ECF729F8DCB}.AppStore|iPhoneSimulator.Build.0 = Release|Any CPU
		{4F8014D6-1CBF-4B53-AADC-3ECF729F8DCB}.AppStore|iPhoneSimulator.Deploy.0 = Release|Any CPU
		{4F8014D6-1CBF-4B53-AADC-3ECF729F8DCB}.AppStore|x64.ActiveCfg = Release|x64
		{4F8014D6-1CBF-4B53-AADC-3ECF729F8DCB}.AppStore|x64.Build.0 = Release|x64
		{4F8014D6-1CBF-4B53-AADC-3ECF729F8DCB}.AppStore|x64.Deploy.0 = Release|x64
		{4F8014D6-1CBF-4B53-AADC-3ECF729F8DCB}.AppStore|x86.ActiveCfg = Release|x86
		{4F8014D6-1CBF-4B53-AADC-3ECF729F8DCB}.AppStore|x86.Build.0 = Release|x86
		{4F8014D6-1CBF-4B53-AADC-3ECF729F8DCB}.AppStore|x86.Deploy.0 = Release|x86
		{4F8014D6-1CBF-4B53-AADC-3ECF729F8DCB}.Debug|Any CPU.ActiveCfg = Debug|Any CPU
		{4F8014D6-1CBF-4B53-AADC-3ECF729F8DCB}.Debug|Any CPU.Build.0 = Debug|Any CPU
		{4F8014D6-1CBF-4B53-AADC-3ECF729F8DCB}.Debug|Any CPU.Deploy.0 = Debug|Any CPU
		{4F8014D6-1CBF-4B53-AADC-3ECF729F8DCB}.Debug|ARM.ActiveCfg = Debug|ARM
		{4F8014D6-1CBF-4B53-AADC-3ECF729F8DCB}.Debug|ARM.Build.0 = Debug|ARM
		{4F8014D6-1CBF-4B53-AADC-3ECF729F8DCB}.Debug|ARM.Deploy.0 = Debug|ARM
		{4F8014D6-1CBF-4B53-AADC-3ECF729F8DCB}.Debug|iPhone.ActiveCfg = Debug|Any CPU
		{4F8014D6-1CBF-4B53-AADC-3ECF729F8DCB}.Debug|iPhone.Build.0 = Debug|Any CPU
		{4F8014D6-1CBF-4B53-AADC-3ECF729F8DCB}.Debug|iPhone.Deploy.0 = Debug|Any CPU
		{4F8014D6-1CBF-4B53-AADC-3ECF729F8DCB}.Debug|iPhoneSimulator.ActiveCfg = Debug|Any CPU
		{4F8014D6-1CBF-4B53-AADC-3ECF729F8DCB}.Debug|iPhoneSimulator.Build.0 = Debug|Any CPU
		{4F8014D6-1CBF-4B53-AADC-3ECF729F8DCB}.Debug|iPhoneSimulator.Deploy.0 = Debug|Any CPU
		{4F8014D6-1CBF-4B53-AADC-3ECF729F8DCB}.Debug|x64.ActiveCfg = Debug|x64
		{4F8014D6-1CBF-4B53-AADC-3ECF729F8DCB}.Debug|x64.Build.0 = Debug|x64
		{4F8014D6-1CBF-4B53-AADC-3ECF729F8DCB}.Debug|x64.Deploy.0 = Debug|x64
		{4F8014D6-1CBF-4B53-AADC-3ECF729F8DCB}.Debug|x86.ActiveCfg = Debug|x86
		{4F8014D6-1CBF-4B53-AADC-3ECF729F8DCB}.Debug|x86.Build.0 = Debug|x86
		{4F8014D6-1CBF-4B53-AADC-3ECF729F8DCB}.Debug|x86.Deploy.0 = Debug|x86
		{4F8014D6-1CBF-4B53-AADC-3ECF729F8DCB}.Release|Any CPU.ActiveCfg = Release|Any CPU
		{4F8014D6-1CBF-4B53-AADC-3ECF729F8DCB}.Release|Any CPU.Build.0 = Release|Any CPU
		{4F8014D6-1CBF-4B53-AADC-3ECF729F8DCB}.Release|Any CPU.Deploy.0 = Release|Any CPU
		{4F8014D6-1CBF-4B53-AADC-3ECF729F8DCB}.Release|ARM.ActiveCfg = Release|ARM
		{4F8014D6-1CBF-4B53-AADC-3ECF729F8DCB}.Release|ARM.Build.0 = Release|ARM
		{4F8014D6-1CBF-4B53-AADC-3ECF729F8DCB}.Release|ARM.Deploy.0 = Release|ARM
		{4F8014D6-1CBF-4B53-AADC-3ECF729F8DCB}.Release|iPhone.ActiveCfg = Release|Any CPU
		{4F8014D6-1CBF-4B53-AADC-3ECF729F8DCB}.Release|iPhone.Build.0 = Release|Any CPU
		{4F8014D6-1CBF-4B53-AADC-3ECF729F8DCB}.Release|iPhone.Deploy.0 = Release|Any CPU
		{4F8014D6-1CBF-4B53-AADC-3ECF729F8DCB}.Release|iPhoneSimulator.ActiveCfg = Release|Any CPU
		{4F8014D6-1CBF-4B53-AADC-3ECF729F8DCB}.Release|iPhoneSimulator.Build.0 = Release|Any CPU
		{4F8014D6-1CBF-4B53-AADC-3ECF729F8DCB}.Release|iPhoneSimulator.Deploy.0 = Release|Any CPU
		{4F8014D6-1CBF-4B53-AADC-3ECF729F8DCB}.Release|x64.ActiveCfg = Release|x64
		{4F8014D6-1CBF-4B53-AADC-3ECF729F8DCB}.Release|x64.Build.0 = Release|x64
		{4F8014D6-1CBF-4B53-AADC-3ECF729F8DCB}.Release|x64.Deploy.0 = Release|x64
		{4F8014D6-1CBF-4B53-AADC-3ECF729F8DCB}.Release|x86.ActiveCfg = Release|x86
		{4F8014D6-1CBF-4B53-AADC-3ECF729F8DCB}.Release|x86.Build.0 = Release|x86
		{4F8014D6-1CBF-4B53-AADC-3ECF729F8DCB}.Release|x86.Deploy.0 = Release|x86
	EndGlobalSection
	GlobalSection(SolutionProperties) = preSolution
		HideSolutionNode = FALSE
	EndGlobalSection
EndGlobal
